
Microsoft Visual Studio Solution File, Format Version 12.00
# Visual Studio Version 16
VisualStudioVersion = 16.0.29418.71
MinimumVisualStudioVersion = 10.0.40219.1
Project("{FAE04EC0-301F-11D3-BF4B-00C04F79EFBC}") = "Sera.Android", "Sera\Sera.Android\Sera.Android.csproj", "{F5263AD3-E683-40C5-BEDE-E8B48AB78261}"
EndProject
Project("{FAE04EC0-301F-11D3-BF4B-00C04F79EFBC}") = "Sera.iOS", "Sera\Sera.iOS\Sera.iOS.csproj", "{8D749075-576A-498C-A2D6-50E05EF351E7}"
EndProject
Project("{FAE04EC0-301F-11D3-BF4B-00C04F79EFBC}") = "Sera", "Sera\Sera\Sera.csproj", "{6BA17E21-9A69-4BA9-B424-637C42E6A635}"
EndProject
Global
	GlobalSection(SolutionConfigurationPlatforms) = preSolution
		Debug|Any CPU = Debug|Any CPU
		Debug|iPhone = Debug|iPhone
		Debug|iPhoneSimulator = Debug|iPhoneSimulator
		Release|Any CPU = Release|Any CPU
		Release|iPhone = Release|iPhone
		Release|iPhoneSimulator = Release|iPhoneSimulator
	EndGlobalSection
	GlobalSection(ProjectConfigurationPlatforms) = postSolution
		{F5263AD3-E683-40C5-BEDE-E8B48AB78261}.Debug|Any CPU.ActiveCfg = Debug|Any CPU
		{F5263AD3-E683-40C5-BEDE-E8B48AB78261}.Debug|Any CPU.Build.0 = Debug|Any CPU
		{F5263AD3-E683-40C5-BEDE-E8B48AB78261}.Debug|Any CPU.Deploy.0 = Debug|Any CPU
		{F5263AD3-E683-40C5-BEDE-E8B48AB78261}.Debug|iPhone.ActiveCfg = Debug|Any CPU
		{F5263AD3-E683-40C5-BEDE-E8B48AB78261}.Debug|iPhone.Build.0 = Debug|Any CPU
		{F5263AD3-E683-40C5-BEDE-E8B48AB78261}.Debug|iPhone.Deploy.0 = Debug|Any CPU
		{F5263AD3-E683-40C5-BEDE-E8B48AB78261}.Debug|iPhoneSimulator.ActiveCfg = Debug|Any CPU
		{F5263AD3-E683-40C5-BEDE-E8B48AB78261}.Debug|iPhoneSimulator.Build.0 = Debug|Any CPU
		{F5263AD3-E683-40C5-BEDE-E8B48AB78261}.Debug|iPhoneSimulator.Deploy.0 = Debug|Any CPU
		{F5263AD3-E683-40C5-BEDE-E8B48AB78261}.Release|Any CPU.ActiveCfg = Release|Any CPU
		{F5263AD3-E683-40C5-BEDE-E8B48AB78261}.Release|Any CPU.Build.0 = Release|Any CPU
		{F5263AD3-E683-40C5-BEDE-E8B48AB78261}.Release|Any CPU.Deploy.0 = Release|Any CPU
		{F5263AD3-E683-40C5-BEDE-E8B48AB78261}.Release|iPhone.ActiveCfg = Release|Any CPU
		{F5263AD3-E683-40C5-BEDE-E8B48AB78261}.Release|iPhone.Build.0 = Release|Any CPU
		{F5263AD3-E683-40C5-BEDE-E8B48AB78261}.Release|iPhone.Deploy.0 = Release|Any CPU
		{F5263AD3-E683-40C5-BEDE-E8B48AB78261}.Release|iPhoneSimulator.ActiveCfg = Release|Any CPU
		{F5263AD3-E683-40C5-BEDE-E8B48AB78261}.Release|iPhoneSimulator.Build.0 = Release|Any CPU
		{F5263AD3-E683-40C5-BEDE-E8B48AB78261}.Release|iPhoneSimulator.Deploy.0 = Release|Any CPU
		{8D749075-576A-498C-A2D6-50E05EF351E7}.Debug|Any CPU.ActiveCfg = Debug|iPhoneSimulator
		{8D749075-576A-498C-A2D6-50E05EF351E7}.Debug|Any CPU.Build.0 = Debug|iPhoneSimulator
		{8D749075-576A-498C-A2D6-50E05EF351E7}.Debug|Any CPU.Deploy.0 = Debug|iPhoneSimulator
		{8D749075-576A-498C-A2D6-50E05EF351E7}.Debug|iPhone.ActiveCfg = Debug|iPhone
		{8D749075-576A-498C-A2D6-50E05EF351E7}.Debug|iPhone.Build.0 = Debug|iPhone
		{8D749075-576A-498C-A2D6-50E05EF351E7}.Debug|iPhone.Deploy.0 = Debug|iPhone
		{8D749075-576A-498C-A2D6-50E05EF351E7}.Debug|iPhoneSimulator.ActiveCfg = Debug|iPhoneSimulator
		{8D749075-576A-498C-A2D6-50E05EF351E7}.Debug|iPhoneSimulator.Build.0 = Debug|iPhoneSimulator
		{8D749075-576A-498C-A2D6-50E05EF351E7}.Debug|iPhoneSimulator.Deploy.0 = Debug|iPhoneSimulator
		{8D749075-576A-498C-A2D6-50E05EF351E7}.Release|Any CPU.ActiveCfg = Release|iPhone
		{8D749075-576A-498C-A2D6-50E05EF351E7}.Release|Any CPU.Build.0 = Release|iPhone
		{8D749075-576A-498C-A2D6-50E05EF351E7}.Release|Any CPU.Deploy.0 = Release|iPhone
		{8D749075-576A-498C-A2D6-50E05EF351E7}.Release|iPhone.ActiveCfg = Release|iPhone
		{8D749075-576A-498C-A2D6-50E05EF351E7}.Release|iPhone.Build.0 = Release|iPhone
		{8D749075-576A-498C-A2D6-50E05EF351E7}.Release|iPhone.Deploy.0 = Release|iPhone
		{8D749075-576A-498C-A2D6-50E05EF351E7}.Release|iPhoneSimulator.ActiveCfg = Release|iPhoneSimulator
		{8D749075-576A-498C-A2D6-50E05EF351E7}.Release|iPhoneSimulator.Build.0 = Release|iPhoneSimulator
		{8D749075-576A-498C-A2D6-50E05EF351E7}.Release|iPhoneSimulator.Deploy.0 = Release|iPhoneSimulator
		{6BA17E21-9A69-4BA9-B424-637C42E6A635}.Debug|Any CPU.ActiveCfg = Debug|Any CPU
		{6BA17E21-9A69-4BA9-B424-637C42E6A635}.Debug|Any CPU.Build.0 = Debug|Any CPU
		{6BA17E21-9A69-4BA9-B424-637C42E6A635}.Debug|Any CPU.Deploy.0 = Debug|Any CPU
		{6BA17E21-9A69-4BA9-B424-637C42E6A635}.Debug|iPhone.ActiveCfg = Debug|Any CPU
		{6BA17E21-9A69-4BA9-B424-637C42E6A635}.Debug|iPhone.Build.0 = Debug|Any CPU
		{6BA17E21-9A69-4BA9-B424-637C42E6A635}.Debug|iPhone.Deploy.0 = Debug|Any CPU
		{6BA17E21-9A69-4BA9-B424-637C42E6A635}.Debug|iPhoneSimulator.ActiveCfg = Debug|Any CPU
		{6BA17E21-9A69-4BA9-B424-637C42E6A635}.Debug|iPhoneSimulator.Build.0 = Debug|Any CPU
		{6BA17E21-9A69-4BA9-B424-637C42E6A635}.Debug|iPhoneSimulator.Deploy.0 = Debug|Any CPU
		{6BA17E21-9A69-4BA9-B424-637C42E6A635}.Release|Any CPU.ActiveCfg = Release|Any CPU
		{6BA17E21-9A69-4BA9-B424-637C42E6A635}.Release|Any CPU.Build.0 = Release|Any CPU
		{6BA17E21-9A69-4BA9-B424-637C42E6A635}.Release|Any CPU.Deploy.0 = Release|Any CPU
		{6BA17E21-9A69-4BA9-B424-637C42E6A635}.Release|iPhone.ActiveCfg = Release|Any CPU
		{6BA17E21-9A69-4BA9-B424-637C42E6A635}.Release|iPhone.Build.0 = Release|Any CPU
		{6BA17E21-9A69-4BA9-B424-637C42E6A635}.Release|iPhone.Deploy.0 = Release|Any CPU
		{6BA17E21-9A69-4BA9-B424-637C42E6A635}.Release|iPhoneSimulator.ActiveCfg = Release|Any CPU
		{6BA17E21-9A69-4BA9-B424-637C42E6A635}.Release|iPhoneSimulator.Build.0 = Release|Any CPU
		{6BA17E21-9A69-4BA9-B424-637C42E6A635}.Release|iPhoneSimulator.Deploy.0 = Release|Any CPU
	EndGlobalSection
	GlobalSection(SolutionProperties) = preSolution
		HideSolutionNode = FALSE
	EndGlobalSection
	GlobalSection(ExtensibilityGlobals) = postSolution
		SolutionGuid = {44C2A05B-800E-4B89-982B-9EB5478A20C9}
	EndGlobalSection
EndGlobal
